{
  "version": 4,
  "terraform_version": "1.15.6",
  "serial": 22,
  "lineage": "125a5910-cb17-b7d6-a195-335ca80194c3",
  "outputs": {
    "infrastructure_summary": {
      "value": {
        "domain": "wazzan.us",
        "networks_count": 12,
        "profiles": [
          "ai",
          "security",
          "monitoring",
          "management",
          "ci",
          "productivity",
          "network"
        ],
        "secrets_count": 17,
        "services_count": 31
      },
      "type": [
        "object",
        {
          "domain": "string",
          "networks_count": "number",
          "profiles": [
            "list",
            "string"
          ],
          "secrets_count": "number",
          "services_count": "number"
        }
      ]
    },
    "local_endpoints": {
      "value": {
        "agent_zero_api": "http://localhost:8081",
        "litellm": "http://localhost:4000",
        "mcpo": "http://localhost:8000",
        "ollama": "http://localhost:11434",
        "postgres": "localhost:5432",
        "qdrant": "http://localhost:6333",
        "redis": "localhost:6379"
      },
      "type": [
        "object",
        {
          "agent_zero_api": "string",
          "litellm": "string",
          "mcpo": "string",
          "ollama": "string",
          "postgres": "string",
          "qdrant": "string",
          "redis": "string"
        }
      ]
    },
    "service_endpoints": {
      "value": {
        "agent_zero": "http://localhost:8501",
        "cadvisor": "https://cadvisor.wazzan.us",
        "chat": "https://chat.wazzan.us",
        "dockge": "https://dockge.wazzan.us",
        "dozzle": "https://logs.wazzan.us",
        "gitea": "https://gitea.wazzan.us",
        "grafana": "http://localhost:3003",
        "guacamole": "https://rdp.wazzan.us",
        "hermes": "https://hermes.wazzan.us",
        "homepage": "https://home.wazzan.us",
        "n8n": "https://n8n.wazzan.us",
        "omniroute": "https://omniroute.wazzan.us",
        "portainer": "https://portainer.wazzan.us",
        "prometheus": "http://localhost:9090",
        "search": "https://search.wazzan.us",
        "traefik": "https://traefik.wazzan.us",
        "vault": "https://vault.wazzan.us"
      },
      "type": [
        "object",
        {
          "agent_zero": "string",
          "cadvisor": "string",
          "chat": "string",
          "dockge": "string",
          "dozzle": "string",
          "gitea": "string",
          "grafana": "string",
          "guacamole": "string",
          "hermes": "string",
          "homepage": "string",
          "n8n": "string",
          "omniroute": "string",
          "portainer": "string",
          "prometheus": "string",
          "search": "string",
          "traefik": "string",
          "vault": "string"
        }
      ]
    }
  },
  "resources": [
    {
      "mode": "managed",
      "type": "docker_network",
      "name": "agent_communication",
      "provider": "provider[\"registry.terraform.io/kreuzwerker/docker\"]",
      "instances": [
        {
          "schema_version": 1,
          "attributes": {
            "attachable": false,
            "check_duplicate": null,
            "driver": "bridge",
            "id": "agent-communication",
            "ingress": false,
            "internal": false,
            "ipam_config": [
              {
                "aux_address": {},
                "gateway": "172.26.0.1",
                "ip_range": "",
                "subnet": "172.26.0.0/16"
              }
            ],
            "ipam_driver": "default",
            "ipam_options": {},
            "ipv6": false,
            "labels": [],
            "name": "agent-communication",
            "options": {},
            "scope": "local"
          },
          "sensitive_attributes": [],
          "identity_schema_version": 0,
          "private": "eyJzY2hlbWFfdmVyc2lvbiI6IjEifQ=="
        }
      ]
    },
    {
      "mode": "managed",
      "type": "docker_network",
      "name": "ai_ml",
      "provider": "provider[\"registry.terraform.io/kreuzwerker/docker\"]",
      "instances": [
        {
          "schema_version": 1,
          "attributes": {
            "attachable": false,
            "check_duplicate": null,
            "driver": "bridge",
            "id": "ai-ml",
            "ingress": false,
            "internal": false,
            "ipam_config": [
              {
                "aux_address": {},
                "gateway": "172.21.0.1",
                "ip_range": "",
                "subnet": "172.21.0.0/16"
              }
            ],
            "ipam_driver": "default",
            "ipam_options": {},
            "ipv6": false,
            "labels": [],
            "name": "ai-ml",
            "options": {},
            "scope": "local"
          },
          "sensitive_attributes": [],
          "identity_schema_version": 0,
          "private": "eyJzY2hlbWFfdmVyc2lvbiI6IjEifQ=="
        }
      ]
    },
    {
      "mode": "managed",
      "type": "docker_network",
      "name": "database",
      "provider": "provider[\"registry.terraform.io/kreuzwerker/docker\"]",
      "instances": [
        {
          "schema_version": 1,
          "attributes": {
            "attachable": false,
            "check_duplicate": null,
            "driver": "bridge",
            "id": "database",
            "ingress": false,
            "internal": true,
            "ipam_config": [
              {
                "aux_address": {},
                "gateway": "172.20.0.1",
                "ip_range": "",
                "subnet": "172.20.0.0/16"
              }
            ],
            "ipam_driver": "default",
            "ipam_options": {},
            "ipv6": false,
            "labels": [],
            "name": "database",
            "options": {},
            "scope": "local"
          },
          "sensitive_attributes": [],
          "identity_schema_version": 0,
          "private": "eyJzY2hlbWFfdmVyc2lvbiI6IjEifQ=="
        }
      ]
    },
    {
      "mode": "managed",
      "type": "docker_network",
      "name": "monitoring",
      "provider": "provider[\"registry.terraform.io/kreuzwerker/docker\"]",
      "instances": [
        {
          "schema_version": 1,
          "attributes": {
            "attachable": false,
            "check_duplicate": null,
            "driver": "bridge",
            "id": "monitoring",
            "ingress": false,
            "internal": false,
            "ipam_config": [
              {
                "aux_address": {},
                "gateway": "172.24.0.1",
                "ip_range": "",
                "subnet": "172.24.0.0/16"
              }
            ],
            "ipam_driver": "default",
            "ipam_options": {},
            "ipv6": false,
            "labels": [],
            "name": "monitoring",
            "options": {},
            "scope": "local"
          },
          "sensitive_attributes": [],
          "identity_schema_version": 0,
          "private": "eyJzY2hlbWFfdmVyc2lvbiI6IjEifQ=="
        }
      ]
    },
    {
      "mode": "managed",
      "type": "docker_network",
      "name": "proxy",
      "provider": "provider[\"registry.terraform.io/kreuzwerker/docker\"]",
      "instances": [
        {
          "schema_version": 1,
          "attributes": {
            "attachable": false,
            "check_duplicate": null,
            "driver": "bridge",
            "id": "proxy",
            "ingress": false,
            "internal": false,
            "ipam_config": [
              {
                "aux_address": {},
                "gateway": "172.18.0.1",
                "ip_range": "",
                "subnet": "172.18.0.0/16"
              }
            ],
            "ipam_driver": "default",
            "ipam_options": {},
            "ipv6": false,
            "labels": [],
            "name": "proxy",
            "options": {},
            "scope": "local"
          },
          "sensitive_attributes": [],
          "identity_schema_version": 0,
          "private": "eyJzY2hlbWFfdmVyc2lvbiI6IjEifQ=="
        }
      ]
    },
    {
      "mode": "managed",
      "type": "docker_network",
      "name": "security",
      "provider": "provider[\"registry.terraform.io/kreuzwerker/docker\"]",
      "instances": [
        {
          "schema_version": 1,
          "attributes": {
            "attachable": false,
            "check_duplicate": null,
            "driver": "bridge",
            "id": "security",
            "ingress": false,
            "internal": false,
            "ipam_config": [
              {
                "aux_address": {},
                "gateway": "172.22.0.1",
                "ip_range": "",
                "subnet": "172.22.0.0/16"
              }
            ],
            "ipam_driver": "default",
            "ipam_options": {},
            "ipv6": false,
            "labels": [],
            "name": "security",
            "options": {},
            "scope": "local"
          },
          "sensitive_attributes": [],
          "identity_schema_version": 0,
          "private": "eyJzY2hlbWFfdmVyc2lvbiI6IjEifQ=="
        }
      ]
    },
    {
      "mode": "managed",
      "type": "docker_volume",
      "name": "authentik_media",
      "provider": "provider[\"registry.terraform.io/kreuzwerker/docker\"]",
      "instances": [
        {
          "schema_version": 1,
          "attributes": {
            "cluster": [],
            "driver": "local",
            "driver_opts": {},
            "id": "authentik_media",
            "labels": [
              {
                "label": "aef3",
                "value": "volume"
              }
            ],
            "mountpoint": "/var/lib/docker/volumes/authentik_media/_data",
            "name": "authentik_media"
          },
          "sensitive_attributes": [],
          "identity_schema_version": 0,
          "private": "eyJzY2hlbWFfdmVyc2lvbiI6IjEifQ=="
        }
      ]
    },
    {
      "mode": "managed",
      "type": "docker_volume",
      "name": "cloudflared_bin",
      "provider": "provider[\"registry.terraform.io/kreuzwerker/docker\"]",
      "instances": [
        {
          "schema_version": 1,
          "attributes": {
            "cluster": [],
            "driver": "local",
            "driver_opts": {},
            "id": "cloudflared_bin",
            "labels": [
              {
                "label": "aef3",
                "value": "volume"
              }
            ],
            "mountpoint": "/var/lib/docker/volumes/cloudflared_bin/_data",
            "name": "cloudflared_bin"
          },
          "sensitive_attributes": [],
          "identity_schema_version": 0,
          "private": "eyJzY2hlbWFfdmVyc2lvbiI6IjEifQ=="
        }
      ]
    },
    {
      "mode": "managed",
      "type": "docker_volume",
      "name": "dockge_data",
      "provider": "provider[\"registry.terraform.io/kreuzwerker/docker\"]",
      "instances": [
        {
          "schema_version": 1,
          "attributes": {
            "cluster": [],
            "driver": "local",
            "driver_opts": {},
            "id": "dockge_data",
            "labels": [
              {
                "label": "aef3",
                "value": "volume"
              }
            ],
            "mountpoint": "/var/lib/docker/volumes/dockge_data/_data",
            "name": "dockge_data"
          },
          "sensitive_attributes": [],
          "identity_schema_version": 0,
          "private": "eyJzY2hlbWFfdmVyc2lvbiI6IjEifQ=="
        }
      ]
    },
    {
      "mode": "managed",
      "type": "docker_volume",
      "name": "gitea_data",
      "provider": "provider[\"registry.terraform.io/kreuzwerker/docker\"]",
      "instances": [
        {
          "schema_version": 1,
          "attributes": {
            "cluster": [],
            "driver": "local",
            "driver_opts": {},
            "id": "gitea_data",
            "labels": [
              {
                "label": "aef3",
                "value": "volume"
              }
            ],
            "mountpoint": "/var/lib/docker/volumes/gitea_data/_data",
            "name": "gitea_data"
          },
          "sensitive_attributes": [],
          "identity_schema_version": 0,
          "private": "eyJzY2hlbWFfdmVyc2lvbiI6IjEifQ=="
        }
      ]
    },
    {
      "mode": "managed",
      "type": "docker_volume",
      "name": "grafana_data",
      "provider": "provider[\"registry.terraform.io/kreuzwerker/docker\"]",
      "instances": [
        {
          "schema_version": 1,
          "attributes": {
            "cluster": [],
            "driver": "local",
            "driver_opts": {},
            "id": "grafana_data",
            "labels": [
              {
                "label": "aef3",
                "value": "volume"
              }
            ],
            "mountpoint": "/var/lib/docker/volumes/grafana_data/_data",
            "name": "grafana_data"
          },
          "sensitive_attributes": [],
          "identity_schema_version": 0,
          "private": "eyJzY2hlbWFfdmVyc2lvbiI6IjEifQ=="
        }
      ]
    },
    {
      "mode": "managed",
      "type": "docker_volume",
      "name": "guacd_drive",
      "provider": "provider[\"registry.terraform.io/kreuzwerker/docker\"]",
      "instances": [
        {
          "schema_version": 1,
          "attributes": {
            "cluster": [],
            "driver": "local",
            "driver_opts": {},
            "id": "guacd_drive",
            "labels": [
              {
                "label": "aef3",
                "value": "volume"
              }
            ],
            "mountpoint": "/var/lib/docker/volumes/guacd_drive/_data",
            "name": "guacd_drive"
          },
          "sensitive_attributes": [],
          "identity_schema_version": 0,
          "private": "eyJzY2hlbWFfdmVyc2lvbiI6IjEifQ=="
        }
      ]
    },
    {
      "mode": "managed",
      "type": "docker_volume",
      "name": "guacd_record",
      "provider": "provider[\"registry.terraform.io/kreuzwerker/docker\"]",
      "instances": [
        {
          "schema_version": 1,
          "attributes": {
            "cluster": [],
            "driver": "local",
            "driver_opts": {},
            "id": "guacd_record",
            "labels": [
              {
                "label": "aef3",
                "value": "volume"
              }
            ],
            "mountpoint": "/var/lib/docker/volumes/guacd_record/_data",
            "name": "guacd_record"
          },
          "sensitive_attributes": [],
          "identity_schema_version": 0,
          "private": "eyJzY2hlbWFfdmVyc2lvbiI6IjEifQ=="
        }
      ]
    },
    {
      "mode": "managed",
      "type": "docker_volume",
      "name": "hermes_agent_src",
      "provider": "provider[\"registry.terraform.io/kreuzwerker/docker\"]",
      "instances": [
        {
          "schema_version": 1,
          "attributes": {
            "cluster": [],
            "driver": "local",
            "driver_opts": {},
            "id": "hermes_agent_src",
            "labels": [
              {
                "label": "aef3",
                "value": "volume"
              }
            ],
            "mountpoint": "/var/lib/docker/volumes/hermes_agent_src/_data",
            "name": "hermes_agent_src"
          },
          "sensitive_attributes": [],
          "identity_schema_version": 0,
          "private": "eyJzY2hlbWFfdmVyc2lvbiI6IjEifQ=="
        }
      ]
    },
    {
      "mode": "managed",
      "type": "docker_volume",
      "name": "hermes_home",
      "provider": "provider[\"registry.terraform.io/kreuzwerker/docker\"]",
      "instances": [
        {
          "schema_version": 1,
          "attributes": {
            "cluster": [],
            "driver": "local",
            "driver_opts": {},
            "id": "hermes_home",
            "labels": [
              {
                "label": "aef3",
                "value": "volume"
              }
            ],
            "mountpoint": "/var/lib/docker/volumes/hermes_home/_data",
            "name": "hermes_home"
          },
          "sensitive_attributes": [],
          "identity_schema_version": 0,
          "private": "eyJzY2hlbWFfdmVyc2lvbiI6IjEifQ=="
        }
      ]
    },
    {
      "mode": "managed",
      "type": "docker_volume",
      "name": "hermes_workspace",
      "provider": "provider[\"registry.terraform.io/kreuzwerker/docker\"]",
      "instances": [
        {
          "schema_version": 1,
          "attributes": {
            "cluster": [],
            "driver": "local",
            "driver_opts": {},
            "id": "hermes_workspace",
            "labels": [
              {
                "label": "aef3",
                "value": "volume"
              }
            ],
            "mountpoint": "/var/lib/docker/volumes/hermes_workspace/_data",
            "name": "hermes_workspace"
          },
          "sensitive_attributes": [],
          "identity_schema_version": 0,
          "private": "eyJzY2hlbWFfdmVyc2lvbiI6IjEifQ=="
        }
      ]
    },
    {
      "mode": "managed",
      "type": "docker_volume",
      "name": "loki_data",
      "provider": "provider[\"registry.terraform.io/kreuzwerker/docker\"]",
      "instances": [
        {
          "schema_version": 1,
          "attributes": {
            "cluster": [],
            "driver": "local",
            "driver_opts": {},
            "id": "loki_data",
            "labels": [
              {
                "label": "aef3",
                "value": "volume"
              }
            ],
            "mountpoint": "/var/lib/docker/volumes/loki_data/_data",
            "name": "loki_data"
          },
          "sensitive_attributes": [],
          "identity_schema_version": 0,
          "private": "eyJzY2hlbWFfdmVyc2lvbiI6IjEifQ=="
        }
      ]
    },
    {
      "mode": "managed",
      "type": "docker_volume",
      "name": "n8n_data",
      "provider": "provider[\"registry.terraform.io/kreuzwerker/docker\"]",
      "instances": [
        {
          "schema_version": 1,
          "attributes": {
            "cluster": [],
            "driver": "local",
            "driver_opts": {},
            "id": "n8n_data",
            "labels": [
              {
                "label": "aef3",
                "value": "volume"
              }
            ],
            "mountpoint": "/var/lib/docker/volumes/n8n_data/_data",
            "name": "n8n_data"
          },
          "sensitive_attributes": [],
          "identity_schema_version": 0,
          "private": "eyJzY2hlbWFfdmVyc2lvbiI6IjEifQ=="
        }
      ]
    },
    {
      "mode": "managed",
      "type": "docker_volume",
      "name": "omniroute_data",
      "provider": "provider[\"registry.terraform.io/kreuzwerker/docker\"]",
      "instances": [
        {
          "schema_version": 1,
          "attributes": {
            "cluster": [],
            "driver": "local",
            "driver_opts": {},
            "id": "omniroute_data",
            "labels": [
              {
                "label": "aef3",
                "value": "volume"
              }
            ],
            "mountpoint": "/var/lib/docker/volumes/omniroute_data/_data",
            "name": "omniroute_data"
          },
          "sensitive_attributes": [],
          "identity_schema_version": 0,
          "private": "eyJzY2hlbWFfdmVyc2lvbiI6IjEifQ=="
        }
      ]
    },
    {
      "mode": "managed",
      "type": "docker_volume",
      "name": "portainer_data",
      "provider": "provider[\"registry.terraform.io/kreuzwerker/docker\"]",
      "instances": [
        {
          "schema_version": 1,
          "attributes": {
            "cluster": [],
            "driver": "local",
            "driver_opts": {},
            "id": "portainer_data",
            "labels": [
              {
                "label": "aef3",
                "value": "volume"
              }
            ],
            "mountpoint": "/var/lib/docker/volumes/portainer_data/_data",
            "name": "portainer_data"
          },
          "sensitive_attributes": [],
          "identity_schema_version": 0,
          "private": "eyJzY2hlbWFfdmVyc2lvbiI6IjEifQ=="
        }
      ]
    },
    {
      "mode": "managed",
      "type": "docker_volume",
      "name": "qdrant_data",
      "provider": "provider[\"registry.terraform.io/kreuzwerker/docker\"]",
      "instances": [
        {
          "schema_version": 1,
          "attributes": {
            "cluster": [],
            "driver": "local",
            "driver_opts": {},
            "id": "qdrant_data",
            "labels": [
              {
                "label": "aef3",
                "value": "volume"
              }
            ],
            "mountpoint": "/var/lib/docker/volumes/qdrant_data/_data",
            "name": "qdrant_data"
          },
          "sensitive_attributes": [],
          "identity_schema_version": 0,
          "private": "eyJzY2hlbWFfdmVyc2lvbiI6IjEifQ=="
        }
      ]
    },
    {
      "mode": "managed",
      "type": "docker_volume",
      "name": "uptime_kuma_data",
      "provider": "provider[\"registry.terraform.io/kreuzwerker/docker\"]",
      "instances": [
        {
          "schema_version": 1,
          "attributes": {
            "cluster": [],
            "driver": "local",
            "driver_opts": {},
            "id": "uptime_kuma_data",
            "labels": [
              {
                "label": "aef3",
                "value": "volume"
              }
            ],
            "mountpoint": "/var/lib/docker/volumes/uptime_kuma_data/_data",
            "name": "uptime_kuma_data"
          },
          "sensitive_attributes": [],
          "identity_schema_version": 0,
          "private": "eyJzY2hlbWFfdmVyc2lvbiI6IjEifQ=="
        }
      ]
    }
  ],
  "check_results": null
}
